
Microsoft Visual Studio Solution File, Format Version 12.00
# Visual Studio 15
VisualStudioVersion = 15.0.27428.2043
MinimumVisualStudioVersion = 10.0.40219.1
Project("{8BC9CEB8-8B4A-11D0-8D11-00A0C91BC942}") = "Lernen1", "Lernen1\Lernen1.vcxproj", "{B9CF9850-E813-4C2C-8F40-3E8FFE524BF2}"
EndProject
Global
	GlobalSection(SolutionConfigurationPlatforms) = preSolution
		Debug|x64 = Debug|x64
		Debug|x86 = Debug|x86
		Release|x64 = Release|x64
		Release|x86 = Release|x86
	EndGlobalSection
	GlobalSection(ProjectConfigurationPlatforms) = postSolution
		{B9CF9850-E813-4C2C-8F40-3E8FFE524BF2}.Debug|x64.ActiveCfg = Debug|x64
		{B9CF9850-E813-4C2C-8F40-3E8FFE524BF2}.Debug|x64.Build.0 = Debug|x64
		{B9CF9850-E813-4C2C-8F40-3E8FFE524BF2}.Debug|x86.ActiveCfg = Debug|Win32
		{B9CF9850-E813-4C2C-8F40-3E8FFE524BF2}.Debug|x86.Build.0 = Debug|Win32
		{B9CF9850-E813-4C2C-8F40-3E8FFE524BF2}.Release|x64.ActiveCfg = Release|x64
		{B9CF9850-E813-4C2C-8F40-3E8FFE524BF2}.Release|x64.Build.0 = Release|x64
		{B9CF9850-E813-4C2C-8F40-3E8FFE524BF2}.Release|x86.ActiveCfg = Release|Win32
		{B9CF9850-E813-4C2C-8F40-3E8FFE524BF2}.Release|x86.Build.0 = Release|Win32
	EndGlobalSection
	GlobalSection(SolutionProperties) = preSolution
		HideSolutionNode = FALSE
	EndGlobalSection
	GlobalSection(ExtensibilityGlobals) = postSolution
		SolutionGuid = {B8CE64C9-7BDE-42EC-AF42-15F3DFD2CE47}
	EndGlobalSection
EndGlobal
